// !$*UTF8*$!
{
	archiveVersion = 1;
	classes = {
	};
	objectVersion = 56;
	objects = {

/* Begin PBXBuildFile section */
		A0037C3429A697E900622F58 /* Lottie in Frameworks */ = {isa = PBXBuildFile; productRef = A0037C3329A697E900622F58 /* Lottie */; };
		A0037C5529A6BD4100622F58 /* Extensions.swift in Sources */ = {isa = PBXBuildFile; fileRef = A0037C4929A6BD3F00622F58 /* Extensions.swift */; };
		A0037C5629A6BD4100622F58 /* ScanService.swift in Sources */ = {isa = PBXBuildFile; fileRef = A0037C4A29A6BD3F00622F58 /* ScanService.swift */; };
		A0037C5729A6BD4100622F58 /* CameraService.swift in Sources */ = {isa = PBXBuildFile; fileRef = A0037C4B29A6BD4000622F58 /* CameraService.swift */; };
		A0037C5829A6BD4100622F58 /* ScanView.swift in Sources */ = {isa = PBXBuildFile; fileRef = A0037C4C29A6BD4000622F58 /* ScanView.swift */; };
		A0037C5929A6BD4100622F58 /* CameraView.swift in Sources */ = {isa = PBXBuildFile; fileRef = A0037C4D29A6BD4000622F58 /* CameraView.swift */; };
		A0037C5A29A6BD4100622F58 /* ResultView.swift in Sources */ = {isa = PBXBuildFile; fileRef = A0037C4E29A6BD4000622F58 /* ResultView.swift */; };
		A0037C5C29A6BD4100622F58 /* ProcessingView.swift in Sources */ = {isa = PBXBuildFile; fileRef = A0037C5029A6BD4000622F58 /* ProcessingView.swift */; };
		A0037C5E29A6BD4100622F58 /* StartView.swift in Sources */ = {isa = PBXBuildFile; fileRef = A0037C5229A6BD4100622F58 /* StartView.swift */; };
		A0037C6029A6BD4100622F58 /* LeesSimpel.swift in Sources */ = {isa = PBXBuildFile; fileRef = A0037C5429A6BD4100622F58 /* LeesSimpel.swift */; };
		A0037C6729A6BEBC00622F58 /* LottieRepresentable.swift in Sources */ = {isa = PBXBuildFile; fileRef = A0037C6429A6BEBC00622F58 /* LottieRepresentable.swift */; };
		A0037C6829A6BEBC00622F58 /* ButtonStyles.swift in Sources */ = {isa = PBXBuildFile; fileRef = A0037C6529A6BEBC00622F58 /* ButtonStyles.swift */; };
		A0037C6929A6BEBC00622F58 /* Modifiers.swift in Sources */ = {isa = PBXBuildFile; fileRef = A0037C6629A6BEBC00622F58 /* Modifiers.swift */; };
		A0037C6C29A6BED900622F58 /* Responses.swift in Sources */ = {isa = PBXBuildFile; fileRef = A0037C6A29A6BED900622F58 /* Responses.swift */; };
		A0037C6F29A6BEE800622F58 /* BackendService.swift in Sources */ = {isa = PBXBuildFile; fileRef = A0037C6E29A6BEE800622F58 /* BackendService.swift */; };
		A0880C2229A694D500607336 /* Assets.xcassets in Resources */ = {isa = PBXBuildFile; fileRef = A0880C2129A694D500607336 /* Assets.xcassets */; };
		A0880C2529A694D500607336 /* Preview Assets.xcassets in Resources */ = {isa = PBXBuildFile; fileRef = A0880C2429A694D500607336 /* Preview Assets.xcassets */; };
/* End PBXBuildFile section */

/* Begin PBXFileReference section */
		A0037C4929A6BD3F00622F58 /* Extensions.swift */ = {isa = PBXFileReference; fileEncoding = 4; lastKnownFileType = sourcecode.swift; path = Extensions.swift; sourceTree = "<group>"; };
		A0037C4A29A6BD3F00622F58 /* ScanService.swift */ = {isa = PBXFileReference; fileEncoding = 4; lastKnownFileType = sourcecode.swift; path = ScanService.swift; sourceTree = "<group>"; };
		A0037C4B29A6BD4000622F58 /* CameraService.swift */ = {isa = PBXFileReference; fileEncoding = 4; lastKnownFileType = sourcecode.swift; path = CameraService.swift; sourceTree = "<group>"; };
		A0037C4C29A6BD4000622F58 /* ScanView.swift */ = {isa = PBXFileReference; fileEncoding = 4; lastKnownFileType = sourcecode.swift; path = ScanView.swift; sourceTree = "<group>"; };
		A0037C4D29A6BD4000622F58 /* CameraView.swift */ = {isa = PBXFileReference; fileEncoding = 4; lastKnownFileType = sourcecode.swift; path = CameraView.swift; sourceTree = "<group>"; };
		A0037C4E29A6BD4000622F58 /* ResultView.swift */ = {isa = PBXFileReference; fileEncoding = 4; lastKnownFileType = sourcecode.swift; path = ResultView.swift; sourceTree = "<group>"; };
		A0037C5029A6BD4000622F58 /* ProcessingView.swift */ = {isa = PBXFileReference; fileEncoding = 4; lastKnownFileType = sourcecode.swift; path = ProcessingView.swift; sourceTree = "<group>"; };
		A0037C5229A6BD4100622F58 /* StartView.swift */ = {isa = PBXFileReference; fileEncoding = 4; lastKnownFileType = sourcecode.swift; path = StartView.swift; sourceTree = "<group>"; };
		A0037C5429A6BD4100622F58 /* LeesSimpel.swift */ = {isa = PBXFileReference; fileEncoding = 4; lastKnownFileType = sourcecode.swift; path = LeesSimpel.swift; sourceTree = "<group>"; };
		A0037C6429A6BEBC00622F58 /* LottieRepresentable.swift */ = {isa = PBXFileReference; lastKnownFileType = sourcecode.swift; name = LottieRepresentable.swift; path = LeesSimpel/Utilities/LottieRepresentable.swift; sourceTree = "<group>"; };
		A0037C6529A6BEBC00622F58 /* ButtonStyles.swift */ = {isa = PBXFileReference; lastKnownFileType = sourcecode.swift; name = ButtonStyles.swift; path = LeesSimpel/Utilities/ButtonStyles.swift; sourceTree = "<group>"; };
		A0037C6629A6BEBC00622F58 /* Modifiers.swift */ = {isa = PBXFileReference; lastKnownFileType = sourcecode.swift; name = Modifiers.swift; path = LeesSimpel/Utilities/Modifiers.swift; sourceTree = "<group>"; };
		A0037C6A29A6BED900622F58 /* Responses.swift */ = {isa = PBXFileReference; fileEncoding = 4; lastKnownFileType = sourcecode.swift; name = Responses.swift; path = Networking/Responses.swift; sourceTree = "<group>"; };
		A0037C6E29A6BEE800622F58 /* BackendService.swift */ = {isa = PBXFileReference; fileEncoding = 4; lastKnownFileType = sourcecode.swift; name = BackendService.swift; path = TextRecognition/BackendService.swift; sourceTree = "<group>"; };
		A0880C1A29A694D500607336 /* LeesSimpel.app */ = {isa = PBXFileReference; explicitFileType = wrapper.application; includeInIndex = 0; path = LeesSimpel.app; sourceTree = BUILT_PRODUCTS_DIR; };
		A0880C2129A694D500607336 /* Assets.xcassets */ = {isa = PBXFileReference; lastKnownFileType = folder.assetcatalog; path = Assets.xcassets; sourceTree = "<group>"; };
		A0880C2429A694D500607336 /* Preview Assets.xcassets */ = {isa = PBXFileReference; lastKnownFileType = folder.assetcatalog; path = "Preview Assets.xcassets"; sourceTree = "<group>"; };
/* End PBXFileReference section */

/* Begin PBXFrameworksBuildPhase section */
		A0880C1729A694D500607336 /* Frameworks */ = {
			isa = PBXFrameworksBuildPhase;
			buildActionMask = 2147483647;
			files = (
				A0037C3429A697E900622F58 /* Lottie in Frameworks */,
			);
			runOnlyForDeploymentPostprocessing = 0;
		};
/* End PBXFrameworksBuildPhase section */

/* Begin PBXGroup section */
		A0880C1129A694D500607336 = {
			isa = PBXGroup;
			children = (
				A0037C6529A6BEBC00622F58 /* ButtonStyles.swift */,
				A0037C6429A6BEBC00622F58 /* LottieRepresentable.swift */,
				A0037C6629A6BEBC00622F58 /* Modifiers.swift */,
				A0880C1C29A694D500607336 /* LeesSimpel */,
				A0880C1B29A694D500607336 /* Products */,
			);
			sourceTree = "<group>";
		};
		A0880C1B29A694D500607336 /* Products */ = {
			isa = PBXGroup;
			children = (
				A0880C1A29A694D500607336 /* LeesSimpel.app */,
			);
			name = Products;
			sourceTree = "<group>";
		};
		A0880C1C29A694D500607336 /* LeesSimpel */ = {
			isa = PBXGroup;
			children = (
				A0037C6E29A6BEE800622F58 /* BackendService.swift */,
				A0037C6A29A6BED900622F58 /* Responses.swift */,
				A0037C4B29A6BD4000622F58 /* CameraService.swift */,
				A0037C4D29A6BD4000622F58 /* CameraView.swift */,
				A0037C4929A6BD3F00622F58 /* Extensions.swift */,
				A0037C5429A6BD4100622F58 /* LeesSimpel.swift */,
				A0037C5029A6BD4000622F58 /* ProcessingView.swift */,
				A0037C4E29A6BD4000622F58 /* ResultView.swift */,
				A0037C4A29A6BD3F00622F58 /* ScanService.swift */,
				A0037C4C29A6BD4000622F58 /* ScanView.swift */,
				A0037C5229A6BD4100622F58 /* StartView.swift */,
				A0880C2129A694D500607336 /* Assets.xcassets */,
				A0880C2329A694D500607336 /* Preview Content */,
			);
			path = LeesSimpel;
			sourceTree = "<group>";
		};
		A0880C2329A694D500607336 /* Preview Content */ = {
			isa = PBXGroup;
			children = (
				A0880C2429A694D500607336 /* Preview Assets.xcassets */,
			);
			path = "Preview Content";
			sourceTree = "<group>";
		};
/* End PBXGroup section */

/* Begin PBXNativeTarget section */
		A0880C1929A694D500607336 /* LeesSimpel */ = {
			isa = PBXNativeTarget;
			buildConfigurationList = A0880C2829A694D500607336 /* Build configuration list for PBXNativeTarget "LeesSimpel" */;
			buildPhases = (
				A0880C1629A694D500607336 /* Sources */,
				A0880C1729A694D500607336 /* Frameworks */,
				A0880C1829A694D500607336 /* Resources */,
			);
			buildRules = (
			);
			dependencies = (
			);
			name = LeesSimpel;
			packageProductDependencies = (
				A0037C3329A697E900622F58 /* Lottie */,
			);
			productName = LeesSimpel;
			productReference = A0880C1A29A694D500607336 /* LeesSimpel.app */;
			productType = "com.apple.product-type.application";
		};
/* End PBXNativeTarget section */

/* Begin PBXProject section */
		A0880C1229A694D500607336 /* Project object */ = {
			isa = PBXProject;
			attributes = {
				BuildIndependentTargetsInParallel = 1;
				LastSwiftUpdateCheck = 1420;
				LastUpgradeCheck = 1420;
				TargetAttributes = {
					A0880C1929A694D500607336 = {
						CreatedOnToolsVersion = 14.2;
						LastSwiftMigration = 1420;
					};
				};
			};
			buildConfigurationList = A0880C1529A694D500607336 /* Build configuration list for PBXProject "LeesSimpel" */;
			compatibilityVersion = "Xcode 14.0";
			developmentRegion = en;
			hasScannedForEncodings = 0;
			knownRegions = (
				en,
				Base,
			);
			mainGroup = A0880C1129A694D500607336;
			packageReferences = (
				A0037C3229A697E900622F58 /* XCRemoteSwiftPackageReference "lottie-spm" */,
			);
			productRefGroup = A0880C1B29A694D500607336 /* Products */;
			projectDirPath = "";
			projectRoot = "";
			targets = (
				A0880C1929A694D500607336 /* LeesSimpel */,
			);
		};
/* End PBXProject section */

/* Begin PBXResourcesBuildPhase section */
		A0880C1829A694D500607336 /* Resources */ = {
			isa = PBXResourcesBuildPhase;
			buildActionMask = 2147483647;
			files = (
				A0880C2529A694D500607336 /* Preview Assets.xcassets in Resources */,
				A0880C2229A694D500607336 /* Assets.xcassets in Resources */,
			);
			runOnlyForDeploymentPostprocessing = 0;
		};
/* End PBXResourcesBuildPhase section */

/* Begin PBXSourcesBuildPhase section */
		A0880C1629A694D500607336 /* Sources */ = {
			isa = PBXSourcesBuildPhase;
			buildActionMask = 2147483647;
			files = (
				A0037C6F29A6BEE800622F58 /* BackendService.swift in Sources */,
				A0037C6729A6BEBC00622F58 /* LottieRepresentable.swift in Sources */,
				A0037C6829A6BEBC00622F58 /* ButtonStyles.swift in Sources */,
				A0037C6929A6BEBC00622F58 /* Modifiers.swift in Sources */,
				A0037C5629A6BD4100622F58 /* ScanService.swift in Sources */,
				A0037C5829A6BD4100622F58 /* ScanView.swift in Sources */,
				A0037C5529A6BD4100622F58 /* Extensions.swift in Sources */,
				A0037C5E29A6BD4100622F58 /* StartView.swift in Sources */,
				A0037C5929A6BD4100622F58 /* CameraView.swift in Sources */,
				A0037C6C29A6BED900622F58 /* Responses.swift in Sources */,
				A0037C5C29A6BD4100622F58 /* ProcessingView.swift in Sources */,
				A0037C5729A6BD4100622F58 /* CameraService.swift in Sources */,
				A0037C6029A6BD4100622F58 /* LeesSimpel.swift in Sources */,
				A0037C5A29A6BD4100622F58 /* ResultView.swift in Sources */,
			);
			runOnlyForDeploymentPostprocessing = 0;
		};
/* End PBXSourcesBuildPhase section */

/* Begin XCBuildConfiguration section */
		A0880C2629A694D500607336 /* Debug */ = {
			isa = XCBuildConfiguration;
			buildSettings = {
				ALWAYS_SEARCH_USER_PATHS = NO;
				CLANG_ANALYZER_NONNULL = YES;
				CLANG_ANALYZER_NUMBER_OBJECT_CONVERSION = YES_AGGRESSIVE;
				CLANG_CXX_LANGUAGE_STANDARD = "gnu++20";
				CLANG_ENABLE_MODULES = YES;
				CLANG_ENABLE_OBJC_ARC = YES;
				CLANG_ENABLE_OBJC_WEAK = YES;
				CLANG_WARN_BLOCK_CAPTURE_AUTORELEASING = YES;
				CLANG_WARN_BOOL_CONVERSION = YES;
				CLANG_WARN_COMMA = YES;
				CLANG_WARN_CONSTANT_CONVERSION = YES;
				CLANG_WARN_DEPRECATED_OBJC_IMPLEMENTATIONS = YES;
				CLANG_WARN_DIRECT_OBJC_ISA_USAGE = YES_ERROR;
				CLANG_WARN_DOCUMENTATION_COMMENTS = YES;
				CLANG_WARN_EMPTY_BODY = YES;
				CLANG_WARN_ENUM_CONVERSION = YES;
				CLANG_WARN_INFINITE_RECURSION = YES;
				CLANG_WARN_INT_CONVERSION = YES;
				CLANG_WARN_NON_LITERAL_NULL_CONVERSION = YES;
				CLANG_WARN_OBJC_IMPLICIT_RETAIN_SELF = YES;
				CLANG_WARN_OBJC_LITERAL_CONVERSION = YES;
				CLANG_WARN_OBJC_ROOT_CLASS = YES_ERROR;
				CLANG_WARN_QUOTED_INCLUDE_IN_FRAMEWORK_HEADER = YES;
				CLANG_WARN_RANGE_LOOP_ANALYSIS = YES;
				CLANG_WARN_STRICT_PROTOTYPES = YES;
				CLANG_WARN_SUSPICIOUS_MOVE = YES;
				CLANG_WARN_UNGUARDED_AVAILABILITY = YES_AGGRESSIVE;
				CLANG_WARN_UNREACHABLE_CODE = YES;
				CLANG_WARN__DUPLICATE_METHOD_MATCH = YES;
				COPY_PHASE_STRIP = NO;
				DEBUG_INFORMATION_FORMAT = dwarf;
				ENABLE_STRICT_OBJC_MSGSEND = YES;
				ENABLE_TESTABILITY = YES;
				GCC_C_LANGUAGE_STANDARD = gnu11;
				GCC_DYNAMIC_NO_PIC = NO;
				GCC_NO_COMMON_BLOCKS = YES;
				GCC_OPTIMIZATION_LEVEL = 0;
				GCC_PREPROCESSOR_DEFINITIONS = (
					"DEBUG=1",
					"$(inherited)",
				);
				GCC_WARN_64_TO_32_BIT_CONVERSION = YES;
				GCC_WARN_ABOUT_RETURN_TYPE = YES_ERROR;
				GCC_WARN_UNDECLARED_SELECTOR = YES;
				GCC_WARN_UNINITIALIZED_AUTOS = YES_AGGRESSIVE;
				GCC_WARN_UNUSED_FUNCTION = YES;
				GCC_WARN_UNUSED_VARIABLE = YES;
				IPHONEOS_DEPLOYMENT_TARGET = 16.2;
				MTL_ENABLE_DEBUG_INFO = INCLUDE_SOURCE;
				MTL_FAST_MATH = YES;
				ONLY_ACTIVE_ARCH = YES;
				SDKROOT = iphoneos;
				SWIFT_ACTIVE_COMPILATION_CONDITIONS = DEBUG;
				SWIFT_OPTIMIZATION_LEVEL = "-Onone";
			};
			name = Debug;
		};
		A0880C2729A694D500607336 /* Release */ = {
			isa = XCBuildConfiguration;
			buildSettings = {
				ALWAYS_SEARCH_USER_PATHS = NO;
				CLANG_ANALYZER_NONNULL = YES;
				CLANG_ANALYZER_NUMBER_OBJECT_CONVERSION = YES_AGGRESSIVE;
				CLANG_CXX_LANGUAGE_STANDARD = "gnu++20";
				CLANG_ENABLE_MODULES = YES;
				CLANG_ENABLE_OBJC_ARC = YES;
				CLANG_ENABLE_OBJC_WEAK = YES;
				CLANG_WARN_BLOCK_CAPTURE_AUTORELEASING = YES;
				CLANG_WARN_BOOL_CONVERSION = YES;
				CLANG_WARN_COMMA = YES;
				CLANG_WARN_CONSTANT_CONVERSION = YES;
				CLANG_WARN_DEPRECATED_OBJC_IMPLEMENTATIONS = YES;
				CLANG_WARN_DIRECT_OBJC_ISA_USAGE = YES_ERROR;
				CLANG_WARN_DOCUMENTATION_COMMENTS = YES;
				CLANG_WARN_EMPTY_BODY = YES;
				CLANG_WARN_ENUM_CONVERSION = YES;
				CLANG_WARN_INFINITE_RECURSION = YES;
				CLANG_WARN_INT_CONVERSION = YES;
				CLANG_WARN_NON_LITERAL_NULL_CONVERSION = YES;
				CLANG_WARN_OBJC_IMPLICIT_RETAIN_SELF = YES;
				CLANG_WARN_OBJC_LITERAL_CONVERSION = YES;
				CLANG_WARN_OBJC_ROOT_CLASS = YES_ERROR;
				CLANG_WARN_QUOTED_INCLUDE_IN_FRAMEWORK_HEADER = YES;
				CLANG_WARN_RANGE_LOOP_ANALYSIS = YES;
				CLANG_WARN_STRICT_PROTOTYPES = YES;
				CLANG_WARN_SUSPICIOUS_MOVE = YES;
				CLANG_WARN_UNGUARDED_AVAILABILITY = YES_AGGRESSIVE;
				CLANG_WARN_UNREACHABLE_CODE = YES;
				CLANG_WARN__DUPLICATE_METHOD_MATCH = YES;
				COPY_PHASE_STRIP = NO;
				DEBUG_INFORMATION_FORMAT = "dwarf-with-dsym";
				ENABLE_NS_ASSERTIONS = NO;
				ENABLE_STRICT_OBJC_MSGSEND = YES;
				GCC_C_LANGUAGE_STANDARD = gnu11;
				GCC_NO_COMMON_BLOCKS = YES;
				GCC_WARN_64_TO_32_BIT_CONVERSION = YES;
				GCC_WARN_ABOUT_RETURN_TYPE = YES_ERROR;
				GCC_WARN_UNDECLARED_SELECTOR = YES;
				GCC_WARN_UNINITIALIZED_AUTOS = YES_AGGRESSIVE;
				GCC_WARN_UNUSED_FUNCTION = YES;
				GCC_WARN_UNUSED_VARIABLE = YES;
				IPHONEOS_DEPLOYMENT_TARGET = 16.2;
				MTL_ENABLE_DEBUG_INFO = NO;
				MTL_FAST_MATH = YES;
				SDKROOT = iphoneos;
				SWIFT_COMPILATION_MODE = wholemodule;
				SWIFT_OPTIMIZATION_LEVEL = "-O";
				VALIDATE_PRODUCT = YES;
			};
			name = Release;
		};
		A0880C2929A694D500607336 /* Debug */ = {
			isa = XCBuildConfiguration;
			buildSettings = {
				ASSETCATALOG_COMPILER_APPICON_NAME = AppIcon;
				ASSETCATALOG_COMPILER_GLOBAL_ACCENT_COLOR_NAME = AccentColor;
				CLANG_ENABLE_MODULES = YES;
				CODE_SIGN_STYLE = Automatic;
				CURRENT_PROJECT_VERSION = 1;
				DEVELOPMENT_ASSET_PATHS = "\"LeesSimpel/Preview Content\"";
				DEVELOPMENT_TEAM = D7J749SZ5K;
				ENABLE_PREVIEWS = YES;
				GENERATE_INFOPLIST_FILE = YES;
				INFOPLIST_KEY_UIApplicationSceneManifest_Generation = YES;
				INFOPLIST_KEY_UIApplicationSupportsIndirectInputEvents = YES;
				INFOPLIST_KEY_UILaunchScreen_Generation = YES;
				INFOPLIST_KEY_UISupportedInterfaceOrientations_iPad = "UIInterfaceOrientationPortrait UIInterfaceOrientationPortraitUpsideDown UIInterfaceOrientationLandscapeLeft UIInterfaceOrientationLandscapeRight";
				INFOPLIST_KEY_UISupportedInterfaceOrientations_iPhone = "UIInterfaceOrientationPortrait UIInterfaceOrientationLandscapeLeft UIInterfaceOrientationLandscapeRight";
				LD_RUNPATH_SEARCH_PATHS = (
					"$(inherited)",
					"@executable_path/Frameworks",
				);
				MARKETING_VERSION = 1.0;
				PRODUCT_BUNDLE_IDENTIFIER = lucasmeijer.LeesSimpel;
				PRODUCT_NAME = "$(TARGET_NAME)";
				SWIFT_EMIT_LOC_STRINGS = YES;
				SWIFT_OPTIMIZATION_LEVEL = "-Onone";
				SWIFT_VERSION = 5.0;
				TARGETED_DEVICE_FAMILY = "1,2";
			};
			name = Debug;
		};
		A0880C2A29A694D500607336 /* Release */ = {
			isa = XCBuildConfiguration;
			buildSettings = {
				ASSETCATALOG_COMPILER_APPICON_NAME = AppIcon;
				ASSETCATALOG_COMPILER_GLOBAL_ACCENT_COLOR_NAME = AccentColor;
				CLANG_ENABLE_MODULES = YES;
				CODE_SIGN_STYLE = Automatic;
				CURRENT_PROJECT_VERSION = 1;
				DEVELOPMENT_ASSET_PATHS = "\"LeesSimpel/Preview Content\"";
				DEVELOPMENT_TEAM = D7J749SZ5K;
				ENABLE_PREVIEWS = YES;
				GENERATE_INFOPLIST_FILE = YES;
				INFOPLIST_KEY_UIApplicationSceneManifest_Generation = YES;
				INFOPLIST_KEY_UIApplicationSupportsIndirectInputEvents = YES;
				INFOPLIST_KEY_UILaunchScreen_Generation = YES;
				INFOPLIST_KEY_UISupportedInterfaceOrientations_iPad = "UIInterfaceOrientationPortrait UIInterfaceOrientationPortraitUpsideDown UIInterfaceOrientationLandscapeLeft UIInterfaceOrientationLandscapeRight";
				INFOPLIST_KEY_UISupportedInterfaceOrientations_iPhone = "UIInterfaceOrientationPortrait UIInterfaceOrientationLandscapeLeft UIInterfaceOrientationLandscapeRight";
				LD_RUNPATH_SEARCH_PATHS = (
					"$(inherited)",
					"@executable_path/Frameworks",
				);
				MARKETING_VERSION = 1.0;
				PRODUCT_BUNDLE_IDENTIFIER = lucasmeijer.LeesSimpel;
				PRODUCT_NAME = "$(TARGET_NAME)";
				SWIFT_EMIT_LOC_STRINGS = YES;
				SWIFT_VERSION = 5.0;
				TARGETED_DEVICE_FAMILY = "1,2";
			};
			name = Release;
		};
/* End XCBuildConfiguration section */

/* Begin XCConfigurationList section */
		A0880C1529A694D500607336 /* Build configuration list for PBXProject "LeesSimpel" */ = {
			isa = XCConfigurationList;
			buildConfigurations = (
				A0880C2629A694D500607336 /* Debug */,
				A0880C2729A694D500607336 /* Release */,
			);
			defaultConfigurationIsVisible = 0;
			defaultConfigurationName = Release;
		};
		A0880C2829A694D500607336 /* Build configuration list for PBXNativeTarget "LeesSimpel" */ = {
			isa = XCConfigurationList;
			buildConfigurations = (
				A0880C2929A694D500607336 /* Debug */,
				A0880C2A29A694D500607336 /* Release */,
			);
			defaultConfigurationIsVisible = 0;
			defaultConfigurationName = Release;
		};
/* End XCConfigurationList section */

/* Begin XCRemoteSwiftPackageReference section */
		A0037C3229A697E900622F58 /* XCRemoteSwiftPackageReference "lottie-spm" */ = {
			isa = XCRemoteSwiftPackageReference;
			repositoryURL = "https://github.com/airbnb/lottie-spm.git";
			requirement = {
				kind = upToNextMinorVersion;
				minimumVersion = 4.1.0;
			};
		};
/* End XCRemoteSwiftPackageReference section */

/* Begin XCSwiftPackageProductDependency section */
		A0037C3329A697E900622F58 /* Lottie */ = {
			isa = XCSwiftPackageProductDependency;
			package = A0037C3229A697E900622F58 /* XCRemoteSwiftPackageReference "lottie-spm" */;
			productName = Lottie;
		};
/* End XCSwiftPackageProductDependency section */
	};
	rootObject = A0880C1229A694D500607336 /* Project object */;
}
